
Microsoft Visual Studio Solution File, Format Version 12.00
# Visual Studio Version 17
VisualStudioVersion = 17.1.32328.378
MinimumVisualStudioVersion = 10.0.40219.1
Project("{FAE04EC0-301F-11D3-BF4B-00C04F79EFBC}") = "TetrisConsole", "TetrisConsole\TetrisConsole.csproj", "{C26F722D-2483-49E1-B2B9-1DB5384EB724}"
EndProject
Project("{2150E333-8FDC-42A3-9474-1A3956D46DE8}") = "Solution Items", "Solution Items", "{3421DD12-8B57-4F1B-8D0F-D87142AF3500}"
	ProjectSection(SolutionItems) = preProject
		todo.txt = todo.txt
	EndProjectSection
EndProject
Project("{FAE04EC0-301F-11D3-BF4B-00C04F79EFBC}") = "TetrisUWP", "TetrisUWP\TetrisUWP.csproj", "{7723A9C6-E343-4AD6-B6EF-89E8B49920C0}"
EndProject
Project("{FAE04EC0-301F-11D3-BF4B-00C04F79EFBC}") = "TetrisLibrary", "TetrisLibrary\TetrisLibrary.csproj", "{33ECD251-21EB-4160-9E4B-D23F5626C181}"
EndProject
Global
	GlobalSection(SolutionConfigurationPlatforms) = preSolution
		Debug|Any CPU = Debug|Any CPU
		Debug|ARM = Debug|ARM
		Debug|ARM64 = Debug|ARM64
		Debug|x64 = Debug|x64
		Debug|x86 = Debug|x86
		Release|Any CPU = Release|Any CPU
		Release|ARM = Release|ARM
		Release|ARM64 = Release|ARM64
		Release|x64 = Release|x64
		Release|x86 = Release|x86
	EndGlobalSection
	GlobalSection(ProjectConfigurationPlatforms) = postSolution
		{C26F722D-2483-49E1-B2B9-1DB5384EB724}.Debug|Any CPU.ActiveCfg = Debug|Any CPU
		{C26F722D-2483-49E1-B2B9-1DB5384EB724}.Debug|Any CPU.Build.0 = Debug|Any CPU
		{C26F722D-2483-49E1-B2B9-1DB5384EB724}.Debug|ARM.ActiveCfg = Debug|Any CPU
		{C26F722D-2483-49E1-B2B9-1DB5384EB724}.Debug|ARM.Build.0 = Debug|Any CPU
		{C26F722D-2483-49E1-B2B9-1DB5384EB724}.Debug|ARM64.ActiveCfg = Debug|Any CPU
		{C26F722D-2483-49E1-B2B9-1DB5384EB724}.Debug|ARM64.Build.0 = Debug|Any CPU
		{C26F722D-2483-49E1-B2B9-1DB5384EB724}.Debug|x64.ActiveCfg = Debug|Any CPU
		{C26F722D-2483-49E1-B2B9-1DB5384EB724}.Debug|x64.Build.0 = Debug|Any CPU
		{C26F722D-2483-49E1-B2B9-1DB5384EB724}.Debug|x86.ActiveCfg = Debug|Any CPU
		{C26F722D-2483-49E1-B2B9-1DB5384EB724}.Debug|x86.Build.0 = Debug|Any CPU
		{C26F722D-2483-49E1-B2B9-1DB5384EB724}.Release|Any CPU.ActiveCfg = Release|Any CPU
		{C26F722D-2483-49E1-B2B9-1DB5384EB724}.Release|Any CPU.Build.0 = Release|Any CPU
		{C26F722D-2483-49E1-B2B9-1DB5384EB724}.Release|ARM.ActiveCfg = Release|Any CPU
		{C26F722D-2483-49E1-B2B9-1DB5384EB724}.Release|ARM.Build.0 = Release|Any CPU
		{C26F722D-2483-49E1-B2B9-1DB5384EB724}.Release|ARM64.ActiveCfg = Release|Any CPU
		{C26F722D-2483-49E1-B2B9-1DB5384EB724}.Release|ARM64.Build.0 = Release|Any CPU
		{C26F722D-2483-49E1-B2B9-1DB5384EB724}.Release|x64.ActiveCfg = Release|Any CPU
		{C26F722D-2483-49E1-B2B9-1DB5384EB724}.Release|x64.Build.0 = Release|Any CPU
		{C26F722D-2483-49E1-B2B9-1DB5384EB724}.Release|x86.ActiveCfg = Release|Any CPU
		{C26F722D-2483-49E1-B2B9-1DB5384EB724}.Release|x86.Build.0 = Release|Any CPU
		{7723A9C6-E343-4AD6-B6EF-89E8B49920C0}.Debug|Any CPU.ActiveCfg = Debug|x64
		{7723A9C6-E343-4AD6-B6EF-89E8B49920C0}.Debug|Any CPU.Build.0 = Debug|x64
		{7723A9C6-E343-4AD6-B6EF-89E8B49920C0}.Debug|Any CPU.Deploy.0 = Debug|x64
		{7723A9C6-E343-4AD6-B6EF-89E8B49920C0}.Debug|ARM.ActiveCfg = Debug|ARM
		{7723A9C6-E343-4AD6-B6EF-89E8B49920C0}.Debug|ARM.Build.0 = Debug|ARM
		{7723A9C6-E343-4AD6-B6EF-89E8B49920C0}.Debug|ARM.Deploy.0 = Debug|ARM
		{7723A9C6-E343-4AD6-B6EF-89E8B49920C0}.Debug|ARM64.ActiveCfg = Debug|ARM64
		{7723A9C6-E343-4AD6-B6EF-89E8B49920C0}.Debug|ARM64.Build.0 = Debug|ARM64
		{7723A9C6-E343-4AD6-B6EF-89E8B49920C0}.Debug|ARM64.Deploy.0 = Debug|ARM64
		{7723A9C6-E343-4AD6-B6EF-89E8B49920C0}.Debug|x64.ActiveCfg = Debug|x64
		{7723A9C6-E343-4AD6-B6EF-89E8B49920C0}.Debug|x64.Build.0 = Debug|x64
		{7723A9C6-E343-4AD6-B6EF-89E8B49920C0}.Debug|x64.Deploy.0 = Debug|x64
		{7723A9C6-E343-4AD6-B6EF-89E8B49920C0}.Debug|x86.ActiveCfg = Debug|x86
		{7723A9C6-E343-4AD6-B6EF-89E8B49920C0}.Debug|x86.Build.0 = Debug|x86
		{7723A9C6-E343-4AD6-B6EF-89E8B49920C0}.Debug|x86.Deploy.0 = Debug|x86
		{7723A9C6-E343-4AD6-B6EF-89E8B49920C0}.Release|Any CPU.ActiveCfg = Release|x64
		{7723A9C6-E343-4AD6-B6EF-89E8B49920C0}.Release|Any CPU.Build.0 = Release|x64
		{7723A9C6-E343-4AD6-B6EF-89E8B49920C0}.Release|Any CPU.Deploy.0 = Release|x64
		{7723A9C6-E343-4AD6-B6EF-89E8B49920C0}.Release|ARM.ActiveCfg = Release|ARM
		{7723A9C6-E343-4AD6-B6EF-89E8B49920C0}.Release|ARM.Build.0 = Release|ARM
		{7723A9C6-E343-4AD6-B6EF-89E8B49920C0}.Release|ARM.Deploy.0 = Release|ARM
		{7723A9C6-E343-4AD6-B6EF-89E8B49920C0}.Release|ARM64.ActiveCfg = Release|ARM64
		{7723A9C6-E343-4AD6-B6EF-89E8B49920C0}.Release|ARM64.Build.0 = Release|ARM64
		{7723A9C6-E343-4AD6-B6EF-89E8B49920C0}.Release|ARM64.Deploy.0 = Release|ARM64
		{7723A9C6-E343-4AD6-B6EF-89E8B49920C0}.Release|x64.ActiveCfg = Release|x64
		{7723A9C6-E343-4AD6-B6EF-89E8B49920C0}.Release|x64.Build.0 = Release|x64
		{7723A9C6-E343-4AD6-B6EF-89E8B49920C0}.Release|x64.Deploy.0 = Release|x64
		{7723A9C6-E343-4AD6-B6EF-89E8B49920C0}.Release|x86.ActiveCfg = Release|x86
		{7723A9C6-E343-4AD6-B6EF-89E8B49920C0}.Release|x86.Build.0 = Release|x86
		{7723A9C6-E343-4AD6-B6EF-89E8B49920C0}.Release|x86.Deploy.0 = Release|x86
		{33ECD251-21EB-4160-9E4B-D23F5626C181}.Debug|Any CPU.ActiveCfg = Debug|Any CPU
		{33ECD251-21EB-4160-9E4B-D23F5626C181}.Debug|Any CPU.Build.0 = Debug|Any CPU
		{33ECD251-21EB-4160-9E4B-D23F5626C181}.Debug|ARM.ActiveCfg = Debug|Any CPU
		{33ECD251-21EB-4160-9E4B-D23F5626C181}.Debug|ARM.Build.0 = Debug|Any CPU
		{33ECD251-21EB-4160-9E4B-D23F5626C181}.Debug|ARM64.ActiveCfg = Debug|Any CPU
		{33ECD251-21EB-4160-9E4B-D23F5626C181}.Debug|ARM64.Build.0 = Debug|Any CPU
		{33ECD251-21EB-4160-9E4B-D23F5626C181}.Debug|x64.ActiveCfg = Debug|Any CPU
		{33ECD251-21EB-4160-9E4B-D23F5626C181}.Debug|x64.Build.0 = Debug|Any CPU
		{33ECD251-21EB-4160-9E4B-D23F5626C181}.Debug|x86.ActiveCfg = Debug|Any CPU
		{33ECD251-21EB-4160-9E4B-D23F5626C181}.Debug|x86.Build.0 = Debug|Any CPU
		{33ECD251-21EB-4160-9E4B-D23F5626C181}.Release|Any CPU.ActiveCfg = Release|Any CPU
		{33ECD251-21EB-4160-9E4B-D23F5626C181}.Release|Any CPU.Build.0 = Release|Any CPU
		{33ECD251-21EB-4160-9E4B-D23F5626C181}.Release|ARM.ActiveCfg = Release|Any CPU
		{33ECD251-21EB-4160-9E4B-D23F5626C181}.Release|ARM.Build.0 = Release|Any CPU
		{33ECD251-21EB-4160-9E4B-D23F5626C181}.Release|ARM64.ActiveCfg = Release|Any CPU
		{33ECD251-21EB-4160-9E4B-D23F5626C181}.Release|ARM64.Build.0 = Release|Any CPU
		{33ECD251-21EB-4160-9E4B-D23F5626C181}.Release|x64.ActiveCfg = Release|Any CPU
		{33ECD251-21EB-4160-9E4B-D23F5626C181}.Release|x64.Build.0 = Release|Any CPU
		{33ECD251-21EB-4160-9E4B-D23F5626C181}.Release|x86.ActiveCfg = Release|Any CPU
		{33ECD251-21EB-4160-9E4B-D23F5626C181}.Release|x86.Build.0 = Release|Any CPU
	EndGlobalSection
	GlobalSection(SolutionProperties) = preSolution
		HideSolutionNode = FALSE
	EndGlobalSection
	GlobalSection(ExtensibilityGlobals) = postSolution
		SolutionGuid = {8D1A7671-ECAF-436A-9A45-9A6CF4CAA469}
	EndGlobalSection
EndGlobal
